{
  "name": "ERP",
  "lockfileVersion": 3,
  "requires": true,
  "packages": {
    "": {
      "dependencies": {
        "@google/generative-ai": "^0.7.0"
      }
    },
    "node_modules/@google/generative-ai": {
      "version": "0.7.0",
      "resolved": "https://registry.npmjs.org/@google/generative-ai/-/generative-ai-0.7.0.tgz",
      "integrity": "sha512-+1kNkKbkDJftrvwfULQphkyC2ZQ42exlyR+TFARMuykuu6y8XyevbX0dDarqt1GVpZDm55yg0TBq6I1J65X6OA==",
      "engines": {
        "node": ">=18.0.0"
      }
    }
  }
}
